
Microsoft Visual Studio Solution File, Format Version 12.00
# Visual Studio 2017
Project("{FAE04EC0-301F-11D3-BF4B-00C04F79EFBC}") = "MarbleTumble", "MarbleTumble.csproj", "{E5094887-4C47-2EDF-720A-9EC9FA78D7F8}"
EndProject
Project("{FAE04EC0-301F-11D3-BF4B-00C04F79EFBC}") = "MarbleTumble.Editor", "MarbleTumble.Editor.csproj", "{636C9237-5507-0E18-331C-5B9F7D33006B}"
EndProject
Global
	GlobalSection(SolutionConfigurationPlatforms) = preSolution
		Debug|Any CPU = Debug|Any CPU
		Release|Any CPU = Release|Any CPU
	EndGlobalSection
	GlobalSection(ProjectConfigurationPlatforms) = postSolution
		{E5094887-4C47-2EDF-720A-9EC9FA78D7F8}.Debug|Any CPU.ActiveCfg = Debug|Any CPU
		{E5094887-4C47-2EDF-720A-9EC9FA78D7F8}.Debug|Any CPU.Build.0 = Debug|Any CPU
		{E5094887-4C47-2EDF-720A-9EC9FA78D7F8}.Release|Any CPU.ActiveCfg = Release|Any CPU
		{E5094887-4C47-2EDF-720A-9EC9FA78D7F8}.Release|Any CPU.Build.0 = Release|Any CPU
		{636C9237-5507-0E18-331C-5B9F7D33006B}.Debug|Any CPU.ActiveCfg = Debug|Any CPU
		{636C9237-5507-0E18-331C-5B9F7D33006B}.Debug|Any CPU.Build.0 = Debug|Any CPU
		{636C9237-5507-0E18-331C-5B9F7D33006B}.Release|Any CPU.ActiveCfg = Release|Any CPU
		{636C9237-5507-0E18-331C-5B9F7D33006B}.Release|Any CPU.Build.0 = Release|Any CPU
	EndGlobalSection
	GlobalSection(SolutionProperties) = preSolution
		HideSolutionNode = FALSE
	EndGlobalSection
EndGlobal
